<?xml version="1.0" encoding="utf-8"?>
<Project ToolsVersion="4.0" xmlns="http://schemas.microsoft.com/developer/msbuild/2003">
  <ItemGroup>
    <Filter Include="Fichiers sources">
      <UniqueIdentifier>{4FC737F1-C7A5-4376-A066-2A32D752A2FF}</UniqueIdentifier>
      <Extensions>cpp;c;cc;cxx;c++;cppm;ixx;def;odl;idl;hpj;bat;asm;asmx</Extensions>
    </Filter>
    <Filter Include="Fichiers d%27en-tête">
      <UniqueIdentifier>{93995380-89BD-4b04-88EB-625FBE52EBFB}</UniqueIdentifier>
      <Extensions>h;hh;hpp;hxx;h++;hm;inl;inc;ipp;xsd</Extensions>
    </Filter>
    <Filter Include="Fichiers de ressources">
      <UniqueIdentifier>{67DA6AB6-F800-4c08-8B7A-83BB121AAD01}</UniqueIdentifier>
      <Extensions>rc;ico;cur;bmp;dlg;rc2;rct;bin;rgs;gif;jpg;jpeg;jpe;resx;tiff;tif;png;wav;mfcribbon-ms</Extensions>
    </Filter>
    <Filter Include="Fichiers sources\GraphismesH">
      <UniqueIdentifier>{f7450402-6060-415a-8a78-7011e0e442a3}</UniqueIdentifier>
    </Filter>
    <Filter Include="Fichiers sources\GraphismesH\Graphismes">
      <UniqueIdentifier>{9e8aa037-e89d-48dd-aa67-82e43eec0d22}</UniqueIdentifier>
    </Filter>
    <Filter Include="Fichiers sources\Batal">
      <UniqueIdentifier>{c1977205-1017-4ce6-b62d-27fbcbdba1af}</UniqueIdentifier>
    </Filter>
    <Filter Include="Fichiers sources\Collision">
      <UniqueIdentifier>{06f70f48-ae60-4cb2-8369-3143c31230f7}</UniqueIdentifier>
    </Filter>
    <Filter Include="Fichiers sources\Camera">
      <UniqueIdentifier>{ec58ac6c-d092-49c7-86ef-5637d25dfa98}</UniqueIdentifier>
    </Filter>
    <Filter Include="Fichiers sources\Math">
      <UniqueIdentifier>{5f91f64a-f7da-4c3e-aa26-83e9b65c4fc8}</UniqueIdentifier>
    </Filter>
    <Filter Include="Fichiers sources\GameOver">
      <UniqueIdentifier>{0a4527e1-12df-4ec5-966d-94de7b5dabdc}</UniqueIdentifier>
    </Filter>
    <Filter Include="Fichiers sources\Bullet">
      <UniqueIdentifier>{0aff17fd-5950-44fb-83fb-4f447354cb8d}</UniqueIdentifier>
    </Filter>
  </ItemGroup>
  <ItemGroup>
    <ClCompile Include="main.cpp">
      <Filter>Fichiers sources</Filter>
    </ClCompile>
    <ClCompile Include="Graphismes.cpp">
      <Filter>Fichiers sources\GraphismesH\Graphismes</Filter>
    </ClCompile>
    <ClCompile Include="batal.cpp">
      <Filter>Fichiers sources\Batal</Filter>
    </ClCompile>
    <ClCompile Include="Collision.cpp">
      <Filter>Fichiers sources\Collision</Filter>
    </ClCompile>
    <ClCompile Include="Camera.cpp">
      <Filter>Fichiers sources\Camera</Filter>
    </ClCompile>
    <ClCompile Include="Math.cpp">
      <Filter>Fichiers sources\Math</Filter>
    </ClCompile>
    <ClCompile Include="GameOver.cpp">
      <Filter>Fichiers sources\GameOver</Filter>
    </ClCompile>
    <ClCompile Include="Bullet.cpp">
      <Filter>Fichiers sources\Bullet</Filter>
    </ClCompile>
    <ClCompile Include="Path.cpp">
      <Filter>Fichiers sources\GameOver</Filter>
    </ClCompile>
  </ItemGroup>
  <ItemGroup>
    <ClInclude Include="Graphismes.h">
      <Filter>Fichiers sources\GraphismesH\Graphismes</Filter>
    </ClInclude>
    <ClInclude Include="batal.h">
      <Filter>Fichiers sources\Batal</Filter>
    </ClInclude>
    <ClInclude Include="Collision.h">
      <Filter>Fichiers sources\Collision</Filter>
    </ClInclude>
    <ClInclude Include="Camera.h">
      <Filter>Fichiers sources\Camera</Filter>
    </ClInclude>
    <ClInclude Include="Math.h">
      <Filter>Fichiers sources\Math</Filter>
    </ClInclude>
    <ClInclude Include="GameOver.h">
      <Filter>Fichiers sources\GameOver</Filter>
    </ClInclude>
    <ClInclude Include="Bullet.h">
      <Filter>Fichiers sources\Bullet</Filter>
    </ClInclude>
    <ClInclude Include="Path.h">
      <Filter>Fichiers sources\GameOver</Filter>
    </ClInclude>
  </ItemGroup>
</Project>